# This file is automatically @generated by Poetry 2.1.3 and should not be changed by hand.

[[package]]
name = "annotated-types"
version = "0.7.0"
description = "Reusable constraint types to use with typing.Annotated"
optional = false
python-versions = ">=3.8"
groups = ["main"]
files = [
    {file = "annotated_types-0.7.0-py3-none-any.whl", hash = "sha256:1f02e8b43a8fbbc3f3e0d4f0f4bfc8131bcb4eebe8849b8e5c773f3a1c582a53"},
    {file = "annotated_types-0.7.0.tar.gz", hash = "sha256:aff07c09a53a08bc8cfccb9c85b05f1aa9a2a6f23728d790723543408344ce89"},
]

[[package]]
name = "attrs"
version = "23.2.0"
description = "Classes Without Boilerplate"
optional = false
python-versions = ">=3.7"
groups = ["main", "tests"]
files = [
    {file = "attrs-23.2.0-py3-none-any.whl", hash = "sha256:99b87a485a5820b23b879f04c2305b44b951b502fd64be915879d77a7e8fc6f1"},
    {file = "attrs-23.2.0.tar.gz", hash = "sha256:935dc3b529c262f6cf76e50877d35a4bd3c1de194fd41f47a2b7ae8f19971f30"},
]

[package.extras]
cov = ["attrs[tests]", "coverage[toml] (>=5.3)"]
dev = ["attrs[tests]", "pre-commit"]
docs = ["furo", "myst-parser", "sphinx", "sphinx-notfound-page", "sphinxcontrib-towncrier", "towncrier", "zope-interface"]
tests = ["attrs[tests-no-zope]", "zope-interface"]
tests-mypy = ["mypy (>=1.6) ; platform_python_implementation == \"CPython\" and python_version >= \"3.8\"", "pytest-mypy-plugins ; platform_python_implementation == \"CPython\" and python_version >= \"3.8\""]
tests-no-zope = ["attrs[tests-mypy]", "cloudpickle ; platform_python_implementation == \"CPython\"", "hypothesis", "pympler", "pytest (>=4.3.0)", "pytest-xdist[psutil]"]

[[package]]
name = "colorama"
version = "0.4.6"
description = "Cross-platform colored terminal text."
optional = false
python-versions = "!=3.0.*,!=3.1.*,!=3.2.*,!=3.3.*,!=3.4.*,!=3.5.*,!=3.6.*,>=2.7"
groups = ["tests"]
markers = "sys_platform == \"win32\""
files = [
    {file = "colorama-0.4.6-py2.py3-none-any.whl", hash = "sha256:4f1d9991f5acc0ca119f9d443620b77f9d6b33703e51011c16baf57afb285fc6"},
    {file = "colorama-0.4.6.tar.gz", hash = "sha256:08695f5cb7ed6e0531a20572697297273c47b8cae5a63ffc6d6ed5c201be6e44"},
]

[[package]]
name = "exceptiongroup"
version = "1.2.2"
description = "Backport of PEP 654 (exception groups)"
optional = false
python-versions = ">=3.7"
groups = ["tests"]
markers = "python_version == \"3.10\""
files = [
    {file = "exceptiongroup-1.2.2-py3-none-any.whl", hash = "sha256:3111b9d131c238bec2f8f516e123e14ba243563fb135d3fe885990585aa7795b"},
    {file = "exceptiongroup-1.2.2.tar.gz", hash = "sha256:47c2edf7c6738fafb49fd34290706d1a1a2f4d1c6df275526b62cbb4aa5393cc"},
]

[package.extras]
test = ["pytest (>=6)"]

[[package]]
name = "iniconfig"
version = "2.0.0"
description = "brain-dead simple config-ini parsing"
optional = false
python-versions = ">=3.7"
groups = ["tests"]
files = [
    {file = "iniconfig-2.0.0-py3-none-any.whl", hash = "sha256:b6a85871a79d2e3b22d2d1b94ac2824226a63c6b741c88f7ae975f18b6778374"},
    {file = "iniconfig-2.0.0.tar.gz", hash = "sha256:2d91e135bf72d31a410b17c16da610a82cb55f6b0477d1a902134b24a455b8b3"},
]

[[package]]
name = "jsonschema"
version = "4.23.0"
description = "An implementation of JSON Schema validation for Python"
optional = false
python-versions = ">=3.8"
groups = ["tests"]
files = [
    {file = "jsonschema-4.23.0-py3-none-any.whl", hash = "sha256:fbadb6f8b144a8f8cf9f0b89ba94501d143e50411a1278633f56a7acf7fd5566"},
    {file = "jsonschema-4.23.0.tar.gz", hash = "sha256:d71497fef26351a33265337fa77ffeb82423f3ea21283cd9467bb03999266bc4"},
]

[package.dependencies]
attrs = ">=22.2.0"
jsonschema-specifications = ">=2023.03.6"
referencing = ">=0.28.4"
rpds-py = ">=0.7.1"

[package.extras]
format = ["fqdn", "idna", "isoduration", "jsonpointer (>1.13)", "rfc3339-validator", "rfc3987", "uri-template", "webcolors (>=1.11)"]
format-nongpl = ["fqdn", "idna", "isoduration", "jsonpointer (>1.13)", "rfc3339-validator", "rfc3986-validator (>0.1.0)", "uri-template", "webcolors (>=24.6.0)"]

[[package]]
name = "jsonschema-specifications"
version = "2023.12.1"
description = "The JSON Schema meta-schemas and vocabularies, exposed as a Registry"
optional = false
python-versions = ">=3.8"
groups = ["tests"]
files = [
    {file = "jsonschema_specifications-2023.12.1-py3-none-any.whl", hash = "sha256:87e4fdf3a94858b8a2ba2778d9ba57d8a9cafca7c7489c46ba0d30a8bc6a9c3c"},
    {file = "jsonschema_specifications-2023.12.1.tar.gz", hash = "sha256:48a76787b3e70f5ed53f1160d2b81f586e4ca6d1548c5de7085d1682674764cc"},
]

[package.dependencies]
referencing = ">=0.31.0"

[[package]]
name = "packaging"
version = "24.1"
description = "Core utilities for Python packages"
optional = false
python-versions = ">=3.8"
groups = ["tests"]
files = [
    {file = "packaging-24.1-py3-none-any.whl", hash = "sha256:5b8f2217dbdbd2f7f384c41c628544e6d52f2d0f53c6d0c3ea61aa5d1d7ff124"},
    {file = "packaging-24.1.tar.gz", hash = "sha256:026ed72c8ed3fcce5bf8950572258698927fd1dbda10a5e981cdf0ac37f4f002"},
]

[[package]]
name = "pluggy"
version = "1.5.0"
description = "plugin and hook calling mechanisms for python"
optional = false
python-versions = ">=3.8"
groups = ["tests"]
files = [
    {file = "pluggy-1.5.0-py3-none-any.whl", hash = "sha256:44e1ad92c8ca002de6377e165f3e0f1be63266ab4d554740532335b9d75ea669"},
    {file = "pluggy-1.5.0.tar.gz", hash = "sha256:2cffa88e94fdc978c4c574f15f9e59b7f4201d439195c3715ca9e2486f1d0cf1"},
]

[package.extras]
dev = ["pre-commit", "tox"]
testing = ["pytest", "pytest-benchmark"]

[[package]]
name = "pydantic"
version = "2.12.4"
description = "Data validation using Python type hints"
optional = false
python-versions = ">=3.9"
groups = ["main"]
files = [
    {file = "pydantic-2.12.4-py3-none-any.whl", hash = "sha256:92d3d202a745d46f9be6df459ac5a064fdaa3c1c4cd8adcfa332ccf3c05f871e"},
    {file = "pydantic-2.12.4.tar.gz", hash = "sha256:0f8cb9555000a4b5b617f66bfd2566264c4984b27589d3b845685983e8ea85ac"},
]

[package.dependencies]
annotated-types = ">=0.6.0"
pydantic-core = "2.41.5"
typing-extensions = ">=4.14.1"
typing-inspection = ">=0.4.2"

[package.extras]
email = ["email-validator (>=2.0.0)"]
timezone = ["tzdata ; python_version >= \"3.9\" and platform_system == \"Windows\""]

[[package]]
name = "pydantic-core"
version = "2.41.5"
description = "Core functionality for Pydantic validation and serialization"
optional = false
python-versions = ">=3.9"
groups = ["main"]
files = [
    {file = "pydantic_core-2.41.5-cp310-cp310-macosx_10_12_x86_64.whl", hash = "sha256:77b63866ca88d804225eaa4af3e664c5faf3568cea95360d21f4725ab6e07146"},
    {file = "pydantic_core-2.41.5-cp310-cp310-macosx_11_0_arm64.whl", hash = "sha256:dfa8a0c812ac681395907e71e1274819dec685fec28273a28905df579ef137e2"},
    {file = "pydantic_core-2.41.5-cp310-cp310-manylinux_2_17_aarch64.manylinux2014_aarch64.whl", hash = "sha256:5921a4d3ca3aee735d9fd163808f5e8dd6c6972101e4adbda9a4667908849b97"},
    {file = "pydantic_core-2.41.5-cp310-cp310-manylinux_2_17_armv7l.manylinux2014_armv7l.whl", hash = "sha256:e25c479382d26a2a41b7ebea1043564a937db462816ea07afa8a44c0866d52f9"},
    {file = "pydantic_core-2.41.5-cp310-cp310-manylinux_2_17_ppc64le.manylinux2014_ppc64le.whl", hash = "sha256:f547144f2966e1e16ae626d8ce72b4cfa0caedc7fa28052001c94fb2fcaa1c52"},
    {file = "pydantic_core-2.41.5-cp310-cp310-manylinux_2_17_s390x.manylinux2014_s390x.whl", hash = "sha256:6f52298fbd394f9ed112d56f3d11aabd0d5bd27beb3084cc3d8ad069483b8941"},
    {file = "pydantic_core-2.41.5-cp310-cp310-manylinux_2_17_x86_64.manylinux2014_x86_64.whl", hash = "sha256:100baa204bb412b74fe285fb0f3a385256dad1d1879f0a5cb1499ed2e83d132a"},
    {file = "pydantic_core-2.41.5-cp310-cp310-manylinux_2_5_i686.manylinux1_i686.whl", hash = "sha256:05a2c8852530ad2812cb7914dc61a1125dc4e06252ee98e5638a12da6cc6fb6c"},
    {file = "pydantic_core-2.41.5-cp310-cp310-musllinux_1_1_aarch64.whl", hash = "sha256:29452c56df2ed968d18d7e21f4ab0ac55e71dc59524872f6fc57dcf4a3249ed2"},
    {file = "pydantic_core-2.41.5-cp310-cp310-musllinux_1_1_armv7l.whl", hash = "sha256:d5160812ea7a8a2ffbe233d8da666880cad0cbaf5d4de74ae15c313213d62556"},
    {file = "pydantic_core-2.41.5-cp310-cp310-musllinux_1_1_x86_64.whl", hash = "sha256:df3959765b553b9440adfd3c795617c352154e497a4eaf3752555cfb5da8fc49"},
    {file = "pydantic_core-2.41.5-cp310-cp310-win32.whl", hash = "sha256:1f8d33a7f4d5a7889e60dc39856d76d09333d8a6ed0f5f1190635cbec70ec4ba"},
    {file = "pydantic_core-2.41.5-cp310-cp310-win_amd64.whl", hash = "sha256:62de39db01b8d593e45871af2af9e497295db8d73b085f6bfd0b18c83c70a8f9"},
    {file = "pydantic_core-2.41.5-cp311-cp311-macosx_10_12_x86_64.whl", hash = "sha256:a3a52f6156e73e7ccb0f8cced536adccb7042be67cb45f9562e12b319c119da6"},
    {file = "pydantic_core-2.41.5-cp311-cp311-macosx_11_0_arm64.whl", hash = "sha256:7f3bf998340c6d4b0c9a2f02d6a400e51f123b59565d74dc60d252ce888c260b"},
    {file = "pydantic_core-2.41.5-cp311-cp311-manylinux_2_17_aarch64.manylinux2014_aarch64.whl", hash = "sha256:378bec5c66998815d224c9ca994f1e14c0c21cb95d2f52b6021cc0b2a58f2a5a"},
    {file = "pydantic_core-2.41.5-cp311-cp311-manylinux_2_17_armv7l.manylinux2014_armv7l.whl", hash = "sha256:e7b576130c69225432866fe2f4a469a85a54ade141d96fd396dffcf607b558f8"},
    {file = "pydantic_core-2.41.5-cp311-cp311-manylinux_2_17_ppc64le.manylinux2014_ppc64le.whl", hash = "sha256:6cb58b9c66f7e4179a2d5e0f849c48eff5c1fca560994d6eb6543abf955a149e"},
    {file = "pydantic_core-2.41.5-cp311-cp311-manylinux_2_17_s390x.manylinux2014_s390x.whl", hash = "sha256:88942d3a3dff3afc8288c21e565e476fc278902ae4d6d134f1eeda118cc830b1"},
    {file = "pydantic_core-2.41.5-cp311-cp311-manylinux_2_17_x86_64.manylinux2014_x86_64.whl", hash = "sha256:f31d95a179f8d64d90f6831d71fa93290893a33148d890ba15de25642c5d075b"},
    {file = "pydantic_core-2.41.5-cp311-cp311-manylinux_2_5_i686.manylinux1_i686.whl", hash = "sha256:c1df3d34aced70add6f867a8cf413e299177e0c22660cc767218373d0779487b"},
    {file = "pydantic_core-2.41.5-cp311-cp311-musllinux_1_1_aarch64.whl", hash = "sha256:4009935984bd36bd2c774e13f9a09563ce8de4abaa7226f5108262fa3e637284"},
    {file = "pydantic_core-2.41.5-cp311-cp311-musllinux_1_1_armv7l.whl", hash = "sha256:34a64bc3441dc1213096a20fe27e8e128bd3ff89921706e83c0b1ac971276594"},
    {file = "pydantic_core-2.41.5-cp311-cp311-musllinux_1_1_x86_64.whl", hash = "sha256:c9e19dd6e28fdcaa5a1de679aec4141f691023916427ef9bae8584f9c2fb3b0e"},
    {file = "pydantic_core-2.41.5-cp311-cp311-win32.whl", hash = "sha256:2c010c6ded393148374c0f6f0bf89d206bf3217f201faa0635dcd56bd1520f6b"},
    {file = "pydantic_core-2.41.5-cp311-cp311-win_amd64.whl", hash = "sha256:76ee27c6e9c7f16f47db7a94157112a2f3a00e958bc626e2f4ee8bec5c328fbe"},
    {file = "pydantic_core-2.41.5-cp311-cp311-win_arm64.whl", hash = "sha256:4bc36bbc0b7584de96561184ad7f012478987882ebf9f9c389b23f432ea3d90f"},
    {file = "pydantic_core-2.41.5-cp312-cp312-macosx_10_12_x86_64.whl", hash = "sha256:f41a7489d32336dbf2199c8c0a215390a751c5b014c2c1c5366e817202e9cdf7"},
    {file = "pydantic_core-2.41.5-cp312-cp312-macosx_11_0_arm64.whl", hash = "sha256:070259a8818988b9a84a449a2a7337c7f430a22acc0859c6b110aa7212a6d9c0"},
    {file = "pydantic_core-2.41.5-cp312-cp312-manylinux_2_17_aarch64.manylinux2014_aarch64.whl", hash = "sha256:e96cea19e34778f8d59fe40775a7a574d95816eb150850a85a7a4c8f4b94ac69"},
    {file = "pydantic_core-2.41.5-cp312-cp312-manylinux_2_17_armv7l.manylinux2014_armv7l.whl", hash = "sha256:ed2e99c456e3fadd05c991f8f437ef902e00eedf34320ba2b0842bd1c3ca3a75"},
    {file = "pydantic_core-2.41.5-cp312-cp312-manylinux_2_17_ppc64le.manylinux2014_ppc64le.whl", hash = "sha256:65840751b72fbfd82c3c640cff9284545342a4f1eb1586ad0636955b261b0b05"},
    {file = "pydantic_core-2.41.5-cp312-cp312-manylinux_2_17_s390x.manylinux2014_s390x.whl", hash = "sha256:e536c98a7626a98feb2d3eaf75944ef6f3dbee447e1f841eae16f2f0a72d8ddc"},
    {file = "pydantic_core-2.41.5-cp312-cp312-manylinux_2_17_x86_64.manylinux2014_x86_64.whl", hash = "sha256:eceb81a8d74f9267ef4081e246ffd6d129da5d87e37a77c9bde550cb04870c1c"},
    {file = "pydantic_core-2.41.5-cp312-cp312-manylinux_2_5_i686.manylinux1_i686.whl", hash = "sha256:d38548150c39b74aeeb0ce8ee1d8e82696f4a4e16ddc6de7b1d8823f7de4b9b5"},
    {file = "pydantic_core-2.41.5-cp312-cp312-musllinux_1_1_aarch64.whl", hash = "sha256:c23e27686783f60290e36827f9c626e63154b82b116d7fe9adba1fda36da706c"},
    {file = "pydantic_core-2.41.5-cp312-cp312-musllinux_1_1_armv7l.whl", hash = "sha256:482c982f814460eabe1d3bb0adfdc583387bd4691ef00b90575ca0d2b6fe2294"},
    {file = "pydantic_core-2.41.5-cp312-cp312-musllinux_1_1_x86_64.whl", hash = "sha256:bfea2a5f0b4d8d43adf9d7b8bf019fb46fdd10a2e5cde477fbcb9d1fa08c68e1"},
    {file = "pydantic_core-2.41.5-cp312-cp312-win32.whl", hash = "sha256:b74557b16e390ec12dca509bce9264c3bbd128f8a2c376eaa68003d7f327276d"},
    {file = "pydantic_core-2.41.5-cp312-cp312-win_amd64.whl", hash = "sha256:1962293292865bca8e54702b08a4f26da73adc83dd1fcf26fbc875b35d81c815"},
    {file = "pydantic_core-2.41.5-cp312-cp312-win_arm64.whl", hash = "sha256:1746d4a3d9a794cacae06a5eaaccb4b8643a131d45fbc9af23e353dc0a5ba5c3"},
    {file = "pydantic_core-2.41.5-cp313-cp313-macosx_10_12_x86_64.whl", hash = "sha256:941103c9be18ac8daf7b7adca8228f8ed6bb7a1849020f643b3a14d15b1924d9"},
    {file = "pydantic_core-2.41.5-cp313-cp313-macosx_11_0_arm64.whl", hash = "sha256:112e305c3314f40c93998e567879e887a3160bb8689ef3d2c04b6cc62c33ac34"},
    {file = "pydantic_core-2.41.5-cp313-cp313-manylinux_2_17_aarch64.manylinux2014_aarch64.whl", hash = "sha256:0cbaad15cb0c90aa221d43c00e77bb33c93e8d36e0bf74760cd00e732d10a6a0"},
    {file = "pydantic_core-2.41.5-cp313-cp313-manylinux_2_17_armv7l.manylinux2014_armv7l.whl", hash = "sha256:03ca43e12fab6023fc79d28ca6b39b05f794ad08ec2feccc59a339b02f2b3d33"},
    {file = "pydantic_core-2.41.5-cp313-cp313-manylinux_2_17_ppc64le.manylinux2014_ppc64le.whl", hash = "sha256:dc799088c08fa04e43144b164feb0c13f9a0bc40503f8df3e9fde58a3c0c101e"},
    {file = "pydantic_core-2.41.5-cp313-cp313-manylinux_2_17_s390x.manylinux2014_s390x.whl", hash = "sha256:97aeba56665b4c3235a0e52b2c2f5ae9cd071b8a8310ad27bddb3f7fb30e9aa2"},
    {file = "pydantic_core-2.41.5-cp313-cp313-manylinux_2_17_x86_64.manylinux2014_x86_64.whl", hash = "sha256:406bf18d345822d6c21366031003612b9c77b3e29ffdb0f612367352aab7d586"},
    {file = "pydantic_core-2.41.5-cp313-cp313-manylinux_2_5_i686.manylinux1_i686.whl", hash = "sha256:b93590ae81f7010dbe380cdeab6f515902ebcbefe0b9327cc4804d74e93ae69d"},
    {file = "pydantic_core-2.41.5-cp313-cp313-musllinux_1_1_aarch64.whl", hash = "sha256:01a3d0ab748ee531f4ea6c3e48ad9dac84ddba4b0d82291f87248f2f9de8d740"},
    {file = "pydantic_core-2.41.5-cp313-cp313-musllinux_1_1_armv7l.whl", hash = "sha256:6561e94ba9dacc9c61bce40e2d6bdc3bfaa0259d3ff36ace3b1e6901936d2e3e"},
    {file = "pydantic_core-2.41.5-cp313-cp313-musllinux_1_1_x86_64.whl", hash = "sha256:915c3d10f81bec3a74fbd4faebe8391013ba61e5a1a8d48c4455b923bdda7858"},
    {file = "pydantic_core-2.41.5-cp313-cp313-win32.whl", hash = "sha256:650ae77860b45cfa6e2cdafc42618ceafab3a2d9a3811fcfbd3bbf8ac3c40d36"},
    {file = "pydantic_core-2.41.5-cp313-cp313-win_amd64.whl", hash = "sha256:79ec52ec461e99e13791ec6508c722742ad745571f234ea6255bed38c6480f11"},
    {file = "pydantic_core-2.41.5-cp313-cp313-win_arm64.whl", hash = "sha256:3f84d5c1b4ab906093bdc1ff10484838aca54ef08de4afa9de0f5f14d69639cd"},
    {file = "pydantic_core-2.41.5-cp314-cp314-macosx_10_12_x86_64.whl", hash = "sha256:3f37a19d7ebcdd20b96485056ba9e8b304e27d9904d233d7b1015db320e51f0a"},
    {file = "pydantic_core-2.41.5-cp314-cp314-macosx_11_0_arm64.whl", hash = "sha256:1d1d9764366c73f996edd17abb6d9d7649a7eb690006ab6adbda117717099b14"},
    {file = "pydantic_core-2.41.5-cp314-cp314-manylinux_2_17_aarch64.manylinux2014_aarch64.whl", hash = "sha256:25e1c2af0fce638d5f1988b686f3b3ea8cd7de5f244ca147c777769e798a9cd1"},
    {file = "pydantic_core-2.41.5-cp314-cp314-manylinux_2_17_armv7l.manylinux2014_armv7l.whl", hash = "sha256:506d766a8727beef16b7adaeb8ee6217c64fc813646b424d0804d67c16eddb66"},
    {file = "pydantic_core-2.41.5-cp314-cp314-manylinux_2_17_ppc64le.manylinux2014_ppc64le.whl", hash = "sha256:4819fa52133c9aa3c387b3328f25c1facc356491e6135b459f1de698ff64d869"},
    {file = "pydantic_core-2.41.5-cp314-cp314-manylinux_2_17_s390x.manylinux2014_s390x.whl", hash = "sha256:2b761d210c9ea91feda40d25b4efe82a1707da2ef62901466a42492c028553a2"},
    {file = "pydantic_core-2.41.5-cp314-cp314-manylinux_2_17_x86_64.manylinux2014_x86_64.whl", hash = "sha256:22f0fb8c1c583a3b6f24df2470833b40207e907b90c928cc8d3594b76f874375"},
    {file = "pydantic_core-2.41.5-cp314-cp314-manylinux_2_5_i686.manylinux1_i686.whl", hash = "sha256:2782c870e99878c634505236d81e5443092fba820f0373997ff75f90f68cd553"},
    {file = "pydantic_core-2.41.5-cp314-cp314-musllinux_1_1_aarch64.whl", hash = "sha256:0177272f88ab8312479336e1d777f6b124537d47f2123f89cb37e0accea97f90"},
    {file = "pydantic_core-2.41.5-cp314-cp314-musllinux_1_1_armv7l.whl", hash = "sha256:63510af5e38f8955b8ee5687740d6ebf7c2a0886d15a6d65c32814613681bc07"},
    {file = "pydantic_core-2.41.5-cp314-cp314-musllinux_1_1_x86_64.whl", hash = "sha256:e56ba91f47764cc14f1daacd723e3e82d1a89d783f0f5afe9c364b8bb491ccdb"},
    {file = "pydantic_core-2.41.5-cp314-cp314-win32.whl", hash = "sha256:aec5cf2fd867b4ff45b9959f8b20ea3993fc93e63c7363fe6851424c8a7e7c23"},
    {file = "pydantic_core-2.41.5-cp314-cp314-win_amd64.whl", hash = "sha256:8e7c86f27c585ef37c35e56a96363ab8de4e549a95512445b85c96d3e2f7c1bf"},
    {file = "pydantic_core-2.41.5-cp314-cp314-win_arm64.whl", hash = "sha256:e672ba74fbc2dc8eea59fb6d4aed6845e6905fc2a8afe93175d94a83ba2a01a0"},
    {file = "pydantic_core-2.41.5-cp314-cp314t-macosx_10_12_x86_64.whl", hash = "sha256:8566def80554c3faa0e65ac30ab0932b9e3a5cd7f8323764303d468e5c37595a"},
    {file = "pydantic_core-2.41.5-cp314-cp314t-macosx_11_0_arm64.whl", hash = "sha256:b80aa5095cd3109962a298ce14110ae16b8c1aece8b72f9dafe81cf597ad80b3"},
    {file = "pydantic_core-2.41.5-cp314-cp314t-manylinux_2_17_aarch64.manylinux2014_aarch64.whl", hash = "sha256:3006c3dd9ba34b0c094c544c6006cc79e87d8612999f1a5d43b769b89181f23c"},
    {file = "pydantic_core-2.41.5-cp314-cp314t-manylinux_2_17_armv7l.manylinux2014_armv7l.whl", hash = "sha256:72f6c8b11857a856bcfa48c86f5368439f74453563f951e473514579d44aa612"},
    {file = "pydantic_core-2.41.5-cp314-cp314t-manylinux_2_17_ppc64le.manylinux2014_ppc64le.whl", hash = "sha256:5cb1b2f9742240e4bb26b652a5aeb840aa4b417c7748b6f8387927bc6e45e40d"},
    {file = "pydantic_core-2.41.5-cp314-cp314t-manylinux_2_17_s390x.manylinux2014_s390x.whl", hash = "sha256:bd3d54f38609ff308209bd43acea66061494157703364ae40c951f83ba99a1a9"},
    {file = "pydantic_core-2.41.5-cp314-cp314t-manylinux_2_17_x86_64.manylinux2014_x86_64.whl", hash = "sha256:2ff4321e56e879ee8d2a879501c8e469414d948f4aba74a2d4593184eb326660"},
    {file = "pydantic_core-2.41.5-cp314-cp314t-manylinux_2_5_i686.manylinux1_i686.whl", hash = "sha256:d0d2568a8c11bf8225044aa94409e21da0cb09dcdafe9ecd10250b2baad531a9"},
    {file = "pydantic_core-2.41.5-cp314-cp314t-musllinux_1_1_aarch64.whl", hash = "sha256:a39455728aabd58ceabb03c90e12f71fd30fa69615760a075b9fec596456ccc3"},
    {file = "pydantic_core-2.41.5-cp314-cp314t-musllinux_1_1_armv7l.whl", hash = "sha256:239edca560d05757817c13dc17c50766136d21f7cd0fac50295499ae24f90fdf"},
    {file = "pydantic_core-2.41.5-cp314-cp314t-musllinux_1_1_x86_64.whl", hash = "sha256:2a5e06546e19f24c6a96a129142a75cee553cc018ffee48a460059b1185f4470"},
    {file = "pydantic_core-2.41.5-cp314-cp314t-win32.whl", hash = "sha256:b4ececa40ac28afa90871c2cc2b9ffd2ff0bf749380fbdf57d165fd23da353aa"},
    {file = "pydantic_core-2.41.5-cp314-cp314t-win_amd64.whl", hash = "sha256:80aa89cad80b32a912a65332f64a4450ed00966111b6615ca6816153d3585a8c"},
    {file = "pydantic_core-2.41.5-cp314-cp314t-win_arm64.whl", hash = "sha256:35b44f37a3199f771c3eaa53051bc8a70cd7b54f333531c59e29fd4db5d15008"},
    {file = "pydantic_core-2.41.5-cp39-cp39-macosx_10_12_x86_64.whl", hash = "sha256:8bfeaf8735be79f225f3fefab7f941c712aaca36f1128c9d7e2352ee1aa87bdf"},
    {file = "pydantic_core-2.41.5-cp39-cp39-macosx_11_0_arm64.whl", hash = "sha256:346285d28e4c8017da95144c7f3acd42740d637ff41946af5ce6e5e420502dd5"},
    {file = "pydantic_core-2.41.5-cp39-cp39-manylinux_2_17_aarch64.manylinux2014_aarch64.whl", hash = "sha256:a75dafbf87d6276ddc5b2bf6fae5254e3d0876b626eb24969a574fff9149ee5d"},
    {file = "pydantic_core-2.41.5-cp39-cp39-manylinux_2_17_armv7l.manylinux2014_armv7l.whl", hash = "sha256:7b93a4d08587e2b7e7882de461e82b6ed76d9026ce91ca7915e740ecc7855f60"},
    {file = "pydantic_core-2.41.5-cp39-cp39-manylinux_2_17_ppc64le.manylinux2014_ppc64le.whl", hash = "sha256:e8465ab91a4bd96d36dde3263f06caa6a8a6019e4113f24dc753d79a8b3a3f82"},
    {file = "pydantic_core-2.41.5-cp39-cp39-manylinux_2_17_s390x.manylinux2014_s390x.whl", hash = "sha256:299e0a22e7ae2b85c1a57f104538b2656e8ab1873511fd718a1c1c6f149b77b5"},
    {file = "pydantic_core-2.41.5-cp39-cp39-manylinux_2_17_x86_64.manylinux2014_x86_64.whl", hash = "sha256:707625ef0983fcfb461acfaf14de2067c5942c6bb0f3b4c99158bed6fedd3cf3"},
    {file = "pydantic_core-2.41.5-cp39-cp39-manylinux_2_5_i686.manylinux1_i686.whl", hash = "sha256:f41eb9797986d6ebac5e8edff36d5cef9de40def462311b3eb3eeded1431e425"},
    {file = "pydantic_core-2.41.5-cp39-cp39-musllinux_1_1_aarch64.whl", hash = "sha256:0384e2e1021894b1ff5a786dbf94771e2986ebe2869533874d7e43bc79c6f504"},
    {file = "pydantic_core-2.41.5-cp39-cp39-musllinux_1_1_armv7l.whl", hash = "sha256:f0cd744688278965817fd0839c4a4116add48d23890d468bc436f78beb28abf5"},
    {file = "pydantic_core-2.41.5-cp39-cp39-musllinux_1_1_x86_64.whl", hash = "sha256:753e230374206729bf0a807954bcc6c150d3743928a73faffee51ac6557a03c3"},
    {file = "pydantic_core-2.41.5-cp39-cp39-win32.whl", hash = "sha256:873e0d5b4fb9b89ef7c2d2a963ea7d02879d9da0da8d9d4933dee8ee86a8b460"},
    {file = "pydantic_core-2.41.5-cp39-cp39-win_amd64.whl", hash = "sha256:e4f4a984405e91527a0d62649ee21138f8e3d0ef103be488c1dc11a80d7f184b"},
    {file = "pydantic_core-2.41.5-graalpy311-graalpy242_311_native-macosx_10_12_x86_64.whl", hash = "sha256:b96d5f26b05d03cc60f11a7761a5ded1741da411e7fe0909e27a5e6a0cb7b034"},
    {file = "pydantic_core-2.41.5-graalpy311-graalpy242_311_native-macosx_11_0_arm64.whl", hash = "sha256:634e8609e89ceecea15e2d61bc9ac3718caaaa71963717bf3c8f38bfde64242c"},
    {file = "pydantic_core-2.41.5-graalpy311-graalpy242_311_native-manylinux_2_17_aarch64.manylinux2014_aarch64.whl", hash = "sha256:93e8740d7503eb008aa2df04d3b9735f845d43ae845e6dcd2be0b55a2da43cd2"},
    {file = "pydantic_core-2.41.5-graalpy311-graalpy242_311_native-manylinux_2_17_x86_64.manylinux2014_x86_64.whl", hash = "sha256:f15489ba13d61f670dcc96772e733aad1a6f9c429cc27574c6cdaed82d0146ad"},
    {file = "pydantic_core-2.41.5-graalpy312-graalpy250_312_native-macosx_10_12_x86_64.whl", hash = "sha256:7da7087d756b19037bc2c06edc6c170eeef3c3bafcb8f532ff17d64dc427adfd"},
    {file = "pydantic_core-2.41.5-graalpy312-graalpy250_312_native-macosx_11_0_arm64.whl", hash = "sha256:aabf5777b5c8ca26f7824cb4a120a740c9588ed58df9b2d196ce92fba42ff8dc"},
    {file = "pydantic_core-2.41.5-graalpy312-graalpy250_312_native-manylinux_2_17_aarch64.manylinux2014_aarch64.whl", hash = "sha256:c007fe8a43d43b3969e8469004e9845944f1a80e6acd47c150856bb87f230c56"},
    {file = "pydantic_core-2.41.5-graalpy312-graalpy250_312_native-manylinux_2_17_x86_64.manylinux2014_x86_64.whl", hash = "sha256:76d0819de158cd855d1cbb8fcafdf6f5cf1eb8e470abe056d5d161106e38062b"},
    {file = "pydantic_core-2.41.5-pp310-pypy310_pp73-macosx_10_12_x86_64.whl", hash = "sha256:b5819cd790dbf0c5eb9f82c73c16b39a65dd6dd4d1439dcdea7816ec9adddab8"},
    {file = "pydantic_core-2.41.5-pp310-pypy310_pp73-macosx_11_0_arm64.whl", hash = "sha256:5a4e67afbc95fa5c34cf27d9089bca7fcab4e51e57278d710320a70b956d1b9a"},
    {file = "pydantic_core-2.41.5-pp310-pypy310_pp73-manylinux_2_17_x86_64.manylinux2014_x86_64.whl", hash = "sha256:ece5c59f0ce7d001e017643d8d24da587ea1f74f6993467d85ae8a5ef9d4f42b"},
    {file = "pydantic_core-2.41.5-pp310-pypy310_pp73-manylinux_2_5_i686.manylinux1_i686.whl", hash = "sha256:16f80f7abe3351f8ea6858914ddc8c77e02578544a0ebc15b4c2e1a0e813b0b2"},
    {file = "pydantic_core-2.41.5-pp310-pypy310_pp73-musllinux_1_1_aarch64.whl", hash = "sha256:33cb885e759a705b426baada1fe68cbb0a2e68e34c5d0d0289a364cf01709093"},
    {file = "pydantic_core-2.41.5-pp310-pypy310_pp73-musllinux_1_1_armv7l.whl", hash = "sha256:c8d8b4eb992936023be7dee581270af5c6e0697a8559895f527f5b7105ecd36a"},
    {file = "pydantic_core-2.41.5-pp310-pypy310_pp73-musllinux_1_1_x86_64.whl", hash = "sha256:242a206cd0318f95cd21bdacff3fcc3aab23e79bba5cac3db5a841c9ef9c6963"},
    {file = "pydantic_core-2.41.5-pp310-pypy310_pp73-win_amd64.whl", hash = "sha256:d3a978c4f57a597908b7e697229d996d77a6d3c94901e9edee593adada95ce1a"},
    {file = "pydantic_core-2.41.5-pp311-pypy311_pp73-macosx_10_12_x86_64.whl", hash = "sha256:b2379fa7ed44ddecb5bfe4e48577d752db9fc10be00a6b7446e9663ba143de26"},
    {file = "pydantic_core-2.41.5-pp311-pypy311_pp73-macosx_11_0_arm64.whl", hash = "sha256:266fb4cbf5e3cbd0b53669a6d1b039c45e3ce651fd5442eff4d07c2cc8d66808"},
    {file = "pydantic_core-2.41.5-pp311-pypy311_pp73-manylinux_2_17_x86_64.manylinux2014_x86_64.whl", hash = "sha256:58133647260ea01e4d0500089a8c4f07bd7aa6ce109682b1426394988d8aaacc"},
    {file = "pydantic_core-2.41.5-pp311-pypy311_pp73-manylinux_2_5_i686.manylinux1_i686.whl", hash = "sha256:287dad91cfb551c363dc62899a80e9e14da1f0e2b6ebde82c806612ca2a13ef1"},
    {file = "pydantic_core-2.41.5-pp311-pypy311_pp73-musllinux_1_1_aarch64.whl", hash = "sha256:03b77d184b9eb40240ae9fd676ca364ce1085f203e1b1256f8ab9984dca80a84"},
    {file = "pydantic_core-2.41.5-pp311-pypy311_pp73-musllinux_1_1_armv7l.whl", hash = "sha256:a668ce24de96165bb239160b3d854943128f4334822900534f2fe947930e5770"},
    {file = "pydantic_core-2.41.5-pp311-pypy311_pp73-musllinux_1_1_x86_64.whl", hash = "sha256:f14f8f046c14563f8eb3f45f499cc658ab8d10072961e07225e507adb700e93f"},
    {file = "pydantic_core-2.41.5-pp311-pypy311_pp73-win_amd64.whl", hash = "sha256:56121965f7a4dc965bff783d70b907ddf3d57f6eba29b6d2e5dabfaf07799c51"},
    {file = "pydantic_core-2.41.5.tar.gz", hash = "sha256:08daa51ea16ad373ffd5e7606252cc32f07bc72b28284b6bc9c6df804816476e"},
]

[package.dependencies]
typing-extensions = ">=4.14.1"

[[package]]
name = "pytest"
version = "8.2.2"
description = "pytest: simple powerful testing with Python"
optional = false
python-versions = ">=3.8"
groups = ["tests"]
files = [
    {file = "pytest-8.2.2-py3-none-any.whl", hash = "sha256:c434598117762e2bd304e526244f67bf66bbd7b5d6cf22138be51ff661980343"},
    {file = "pytest-8.2.2.tar.gz", hash = "sha256:de4bb8104e201939ccdc688b27a89a7be2079b22e2bd2b07f806b6ba71117977"},
]

[package.dependencies]
colorama = {version = "*", markers = "sys_platform == \"win32\""}
exceptiongroup = {version = ">=1.0.0rc8", markers = "python_version < \"3.11\""}
iniconfig = "*"
packaging = "*"
pluggy = ">=1.5,<2.0"
tomli = {version = ">=1", markers = "python_version < \"3.11\""}

[package.extras]
dev = ["argcomplete", "attrs (>=19.2)", "hypothesis (>=3.56)", "mock", "pygments (>=2.7.2)", "requests", "setuptools", "xmlschema"]

[[package]]
name = "referencing"
version = "0.35.1"
description = "JSON Referencing + Python"
optional = false
python-versions = ">=3.8"
groups = ["tests"]
files = [
    {file = "referencing-0.35.1-py3-none-any.whl", hash = "sha256:eda6d3234d62814d1c64e305c1331c9a3a6132da475ab6382eaa997b21ee75de"},
    {file = "referencing-0.35.1.tar.gz", hash = "sha256:25b42124a6c8b632a425174f24087783efb348a6f1e0008e63cd4466fedf703c"},
]

[package.dependencies]
attrs = ">=22.2.0"
rpds-py = ">=0.7.0"

[[package]]
name = "rpds-py"
version = "0.19.0"
description = "Python bindings to Rust's persistent data structures (rpds)"
optional = false
python-versions = ">=3.8"
groups = ["tests"]
files = [
    {file = "rpds_py-0.19.0-cp310-cp310-macosx_10_12_x86_64.whl", hash = "sha256:fb37bd599f031f1a6fb9e58ec62864ccf3ad549cf14bac527dbfa97123edcca4"},
    {file = "rpds_py-0.19.0-cp310-cp310-macosx_11_0_arm64.whl", hash = "sha256:3384d278df99ec2c6acf701d067147320b864ef6727405d6470838476e44d9e8"},
    {file = "rpds_py-0.19.0-cp310-cp310-manylinux_2_17_aarch64.manylinux2014_aarch64.whl", hash = "sha256:e54548e0be3ac117595408fd4ca0ac9278fde89829b0b518be92863b17ff67a2"},
    {file = "rpds_py-0.19.0-cp310-cp310-manylinux_2_17_armv7l.manylinux2014_armv7l.whl", hash = "sha256:8eb488ef928cdbc05a27245e52de73c0d7c72a34240ef4d9893fdf65a8c1a955"},
    {file = "rpds_py-0.19.0-cp310-cp310-manylinux_2_17_ppc64le.manylinux2014_ppc64le.whl", hash = "sha256:a5da93debdfe27b2bfc69eefb592e1831d957b9535e0943a0ee8b97996de21b5"},
    {file = "rpds_py-0.19.0-cp310-cp310-manylinux_2_17_s390x.manylinux2014_s390x.whl", hash = "sha256:79e205c70afddd41f6ee79a8656aec738492a550247a7af697d5bd1aee14f766"},
    {file = "rpds_py-0.19.0-cp310-cp310-manylinux_2_17_x86_64.manylinux2014_x86_64.whl", hash = "sha256:959179efb3e4a27610e8d54d667c02a9feaa86bbabaf63efa7faa4dfa780d4f1"},
    {file = "rpds_py-0.19.0-cp310-cp310-manylinux_2_5_i686.manylinux1_i686.whl", hash = "sha256:a6e605bb9edcf010f54f8b6a590dd23a4b40a8cb141255eec2a03db249bc915b"},
    {file = "rpds_py-0.19.0-cp310-cp310-musllinux_1_2_aarch64.whl", hash = "sha256:9133d75dc119a61d1a0ded38fb9ba40a00ef41697cc07adb6ae098c875195a3f"},
    {file = "rpds_py-0.19.0-cp310-cp310-musllinux_1_2_i686.whl", hash = "sha256:dd36b712d35e757e28bf2f40a71e8f8a2d43c8b026d881aa0c617b450d6865c9"},
    {file = "rpds_py-0.19.0-cp310-cp310-musllinux_1_2_x86_64.whl", hash = "sha256:354f3a91718489912f2e0fc331c24eaaf6a4565c080e00fbedb6015857c00582"},
    {file = "rpds_py-0.19.0-cp310-none-win32.whl", hash = "sha256:ebcbf356bf5c51afc3290e491d3722b26aaf5b6af3c1c7f6a1b757828a46e336"},
    {file = "rpds_py-0.19.0-cp310-none-win_amd64.whl", hash = "sha256:75a6076289b2df6c8ecb9d13ff79ae0cad1d5fb40af377a5021016d58cd691ec"},
    {file = "rpds_py-0.19.0-cp311-cp311-macosx_10_12_x86_64.whl", hash = "sha256:6d45080095e585f8c5097897313def60caa2046da202cdb17a01f147fb263b81"},
    {file = "rpds_py-0.19.0-cp311-cp311-macosx_11_0_arm64.whl", hash = "sha256:c5c9581019c96f865483d031691a5ff1cc455feb4d84fc6920a5ffc48a794d8a"},
    {file = "rpds_py-0.19.0-cp311-cp311-manylinux_2_17_aarch64.manylinux2014_aarch64.whl", hash = "sha256:1540d807364c84516417115c38f0119dfec5ea5c0dd9a25332dea60b1d26fc4d"},
    {file = "rpds_py-0.19.0-cp311-cp311-manylinux_2_17_armv7l.manylinux2014_armv7l.whl", hash = "sha256:9e65489222b410f79711dc3d2d5003d2757e30874096b2008d50329ea4d0f88c"},
    {file = "rpds_py-0.19.0-cp311-cp311-manylinux_2_17_ppc64le.manylinux2014_ppc64le.whl", hash = "sha256:9da6f400eeb8c36f72ef6646ea530d6d175a4f77ff2ed8dfd6352842274c1d8b"},
    {file = "rpds_py-0.19.0-cp311-cp311-manylinux_2_17_s390x.manylinux2014_s390x.whl", hash = "sha256:37f46bb11858717e0efa7893c0f7055c43b44c103e40e69442db5061cb26ed34"},
    {file = "rpds_py-0.19.0-cp311-cp311-manylinux_2_17_x86_64.manylinux2014_x86_64.whl", hash = "sha256:071d4adc734de562bd11d43bd134330fb6249769b2f66b9310dab7460f4bf714"},
    {file = "rpds_py-0.19.0-cp311-cp311-manylinux_2_5_i686.manylinux1_i686.whl", hash = "sha256:9625367c8955e4319049113ea4f8fee0c6c1145192d57946c6ffcd8fe8bf48dd"},
    {file = "rpds_py-0.19.0-cp311-cp311-musllinux_1_2_aarch64.whl", hash = "sha256:e19509145275d46bc4d1e16af0b57a12d227c8253655a46bbd5ec317e941279d"},
    {file = "rpds_py-0.19.0-cp311-cp311-musllinux_1_2_i686.whl", hash = "sha256:4d438e4c020d8c39961deaf58f6913b1bf8832d9b6f62ec35bd93e97807e9cbc"},
    {file = "rpds_py-0.19.0-cp311-cp311-musllinux_1_2_x86_64.whl", hash = "sha256:90bf55d9d139e5d127193170f38c584ed3c79e16638890d2e36f23aa1630b952"},
    {file = "rpds_py-0.19.0-cp311-none-win32.whl", hash = "sha256:8d6ad132b1bc13d05ffe5b85e7a01a3998bf3a6302ba594b28d61b8c2cf13aaf"},
    {file = "rpds_py-0.19.0-cp311-none-win_amd64.whl", hash = "sha256:7ec72df7354e6b7f6eb2a17fa6901350018c3a9ad78e48d7b2b54d0412539a67"},
    {file = "rpds_py-0.19.0-cp312-cp312-macosx_10_12_x86_64.whl", hash = "sha256:5095a7c838a8647c32aa37c3a460d2c48debff7fc26e1136aee60100a8cd8f68"},
    {file = "rpds_py-0.19.0-cp312-cp312-macosx_11_0_arm64.whl", hash = "sha256:6f2f78ef14077e08856e788fa482107aa602636c16c25bdf59c22ea525a785e9"},
    {file = "rpds_py-0.19.0-cp312-cp312-manylinux_2_17_aarch64.manylinux2014_aarch64.whl", hash = "sha256:b7cc6cb44f8636fbf4a934ca72f3e786ba3c9f9ba4f4d74611e7da80684e48d2"},
    {file = "rpds_py-0.19.0-cp312-cp312-manylinux_2_17_armv7l.manylinux2014_armv7l.whl", hash = "sha256:cf902878b4af334a09de7a45badbff0389e7cf8dc2e4dcf5f07125d0b7c2656d"},
    {file = "rpds_py-0.19.0-cp312-cp312-manylinux_2_17_ppc64le.manylinux2014_ppc64le.whl", hash = "sha256:688aa6b8aa724db1596514751ffb767766e02e5c4a87486ab36b8e1ebc1aedac"},
    {file = "rpds_py-0.19.0-cp312-cp312-manylinux_2_17_s390x.manylinux2014_s390x.whl", hash = "sha256:57dbc9167d48e355e2569346b5aa4077f29bf86389c924df25c0a8b9124461fb"},
    {file = "rpds_py-0.19.0-cp312-cp312-manylinux_2_17_x86_64.manylinux2014_x86_64.whl", hash = "sha256:3b4cf5a9497874822341c2ebe0d5850fed392034caadc0bad134ab6822c0925b"},
    {file = "rpds_py-0.19.0-cp312-cp312-manylinux_2_5_i686.manylinux1_i686.whl", hash = "sha256:8a790d235b9d39c70a466200d506bb33a98e2ee374a9b4eec7a8ac64c2c261fa"},
    {file = "rpds_py-0.19.0-cp312-cp312-musllinux_1_2_aarch64.whl", hash = "sha256:1d16089dfa58719c98a1c06f2daceba6d8e3fb9b5d7931af4a990a3c486241cb"},
    {file = "rpds_py-0.19.0-cp312-cp312-musllinux_1_2_i686.whl", hash = "sha256:bc9128e74fe94650367fe23f37074f121b9f796cabbd2f928f13e9661837296d"},
    {file = "rpds_py-0.19.0-cp312-cp312-musllinux_1_2_x86_64.whl", hash = "sha256:c8f77e661ffd96ff104bebf7d0f3255b02aa5d5b28326f5408d6284c4a8b3248"},
    {file = "rpds_py-0.19.0-cp312-none-win32.whl", hash = "sha256:5f83689a38e76969327e9b682be5521d87a0c9e5a2e187d2bc6be4765f0d4600"},
    {file = "rpds_py-0.19.0-cp312-none-win_amd64.whl", hash = "sha256:06925c50f86da0596b9c3c64c3837b2481337b83ef3519e5db2701df695453a4"},
    {file = "rpds_py-0.19.0-cp38-cp38-macosx_10_12_x86_64.whl", hash = "sha256:52e466bea6f8f3a44b1234570244b1cff45150f59a4acae3fcc5fd700c2993ca"},
    {file = "rpds_py-0.19.0-cp38-cp38-macosx_11_0_arm64.whl", hash = "sha256:e21cc693045fda7f745c790cb687958161ce172ffe3c5719ca1764e752237d16"},
    {file = "rpds_py-0.19.0-cp38-cp38-manylinux_2_17_aarch64.manylinux2014_aarch64.whl", hash = "sha256:6b31f059878eb1f5da8b2fd82480cc18bed8dcd7fb8fe68370e2e6285fa86da6"},
    {file = "rpds_py-0.19.0-cp38-cp38-manylinux_2_17_armv7l.manylinux2014_armv7l.whl", hash = "sha256:1dd46f309e953927dd018567d6a9e2fb84783963650171f6c5fe7e5c41fd5666"},
    {file = "rpds_py-0.19.0-cp38-cp38-manylinux_2_17_ppc64le.manylinux2014_ppc64le.whl", hash = "sha256:34a01a4490e170376cd79258b7f755fa13b1a6c3667e872c8e35051ae857a92b"},
    {file = "rpds_py-0.19.0-cp38-cp38-manylinux_2_17_s390x.manylinux2014_s390x.whl", hash = "sha256:bcf426a8c38eb57f7bf28932e68425ba86def6e756a5b8cb4731d8e62e4e0223"},
    {file = "rpds_py-0.19.0-cp38-cp38-manylinux_2_17_x86_64.manylinux2014_x86_64.whl", hash = "sha256:f68eea5df6347d3f1378ce992d86b2af16ad7ff4dcb4a19ccdc23dea901b87fb"},
    {file = "rpds_py-0.19.0-cp38-cp38-manylinux_2_5_i686.manylinux1_i686.whl", hash = "sha256:dab8d921b55a28287733263c0e4c7db11b3ee22aee158a4de09f13c93283c62d"},
    {file = "rpds_py-0.19.0-cp38-cp38-musllinux_1_2_aarch64.whl", hash = "sha256:6fe87efd7f47266dfc42fe76dae89060038f1d9cb911f89ae7e5084148d1cc08"},
    {file = "rpds_py-0.19.0-cp38-cp38-musllinux_1_2_i686.whl", hash = "sha256:535d4b52524a961d220875688159277f0e9eeeda0ac45e766092bfb54437543f"},
    {file = "rpds_py-0.19.0-cp38-cp38-musllinux_1_2_x86_64.whl", hash = "sha256:8b1a94b8afc154fbe36978a511a1f155f9bd97664e4f1f7a374d72e180ceb0ae"},
    {file = "rpds_py-0.19.0-cp38-none-win32.whl", hash = "sha256:7c98298a15d6b90c8f6e3caa6457f4f022423caa5fa1a1ca7a5e9e512bdb77a4"},
    {file = "rpds_py-0.19.0-cp38-none-win_amd64.whl", hash = "sha256:b0da31853ab6e58a11db3205729133ce0df26e6804e93079dee095be3d681dc1"},
    {file = "rpds_py-0.19.0-cp39-cp39-macosx_10_12_x86_64.whl", hash = "sha256:5039e3cef7b3e7a060de468a4a60a60a1f31786da94c6cb054e7a3c75906111c"},
    {file = "rpds_py-0.19.0-cp39-cp39-macosx_11_0_arm64.whl", hash = "sha256:ab1932ca6cb8c7499a4d87cb21ccc0d3326f172cfb6a64021a889b591bb3045c"},
    {file = "rpds_py-0.19.0-cp39-cp39-manylinux_2_17_aarch64.manylinux2014_aarch64.whl", hash = "sha256:f2afd2164a1e85226fcb6a1da77a5c8896c18bfe08e82e8ceced5181c42d2179"},
    {file = "rpds_py-0.19.0-cp39-cp39-manylinux_2_17_armv7l.manylinux2014_armv7l.whl", hash = "sha256:b1c30841f5040de47a0046c243fc1b44ddc87d1b12435a43b8edff7e7cb1e0d0"},
    {file = "rpds_py-0.19.0-cp39-cp39-manylinux_2_17_ppc64le.manylinux2014_ppc64le.whl", hash = "sha256:f757f359f30ec7dcebca662a6bd46d1098f8b9fb1fcd661a9e13f2e8ce343ba1"},
    {file = "rpds_py-0.19.0-cp39-cp39-manylinux_2_17_s390x.manylinux2014_s390x.whl", hash = "sha256:15e65395a59d2e0e96caf8ee5389ffb4604e980479c32742936ddd7ade914b22"},
    {file = "rpds_py-0.19.0-cp39-cp39-manylinux_2_17_x86_64.manylinux2014_x86_64.whl", hash = "sha256:cb0f6eb3a320f24b94d177e62f4074ff438f2ad9d27e75a46221904ef21a7b05"},
    {file = "rpds_py-0.19.0-cp39-cp39-manylinux_2_5_i686.manylinux1_i686.whl", hash = "sha256:b228e693a2559888790936e20f5f88b6e9f8162c681830eda303bad7517b4d5a"},
    {file = "rpds_py-0.19.0-cp39-cp39-musllinux_1_2_aarch64.whl", hash = "sha256:2575efaa5d949c9f4e2cdbe7d805d02122c16065bfb8d95c129372d65a291a0b"},
    {file = "rpds_py-0.19.0-cp39-cp39-musllinux_1_2_i686.whl", hash = "sha256:5c872814b77a4e84afa293a1bee08c14daed1068b2bb1cc312edbf020bbbca2b"},
    {file = "rpds_py-0.19.0-cp39-cp39-musllinux_1_2_x86_64.whl", hash = "sha256:850720e1b383df199b8433a20e02b25b72f0fded28bc03c5bd79e2ce7ef050be"},
    {file = "rpds_py-0.19.0-cp39-none-win32.whl", hash = "sha256:ce84a7efa5af9f54c0aa7692c45861c1667080814286cacb9958c07fc50294fb"},
    {file = "rpds_py-0.19.0-cp39-none-win_amd64.whl", hash = "sha256:1c26da90b8d06227d7769f34915913911222d24ce08c0ab2d60b354e2d9c7aff"},
    {file = "rpds_py-0.19.0-pp310-pypy310_pp73-macosx_10_12_x86_64.whl", hash = "sha256:75969cf900d7be665ccb1622a9aba225cf386bbc9c3bcfeeab9f62b5048f4a07"},
    {file = "rpds_py-0.19.0-pp310-pypy310_pp73-macosx_11_0_arm64.whl", hash = "sha256:8445f23f13339da640d1be8e44e5baf4af97e396882ebbf1692aecd67f67c479"},
    {file = "rpds_py-0.19.0-pp310-pypy310_pp73-manylinux_2_17_aarch64.manylinux2014_aarch64.whl", hash = "sha256:a5a7c1062ef8aea3eda149f08120f10795835fc1c8bc6ad948fb9652a113ca55"},
    {file = "rpds_py-0.19.0-pp310-pypy310_pp73-manylinux_2_17_armv7l.manylinux2014_armv7l.whl", hash = "sha256:462b0c18fbb48fdbf980914a02ee38c423a25fcc4cf40f66bacc95a2d2d73bc8"},
    {file = "rpds_py-0.19.0-pp310-pypy310_pp73-manylinux_2_17_ppc64le.manylinux2014_ppc64le.whl", hash = "sha256:3208f9aea18991ac7f2b39721e947bbd752a1abbe79ad90d9b6a84a74d44409b"},
    {file = "rpds_py-0.19.0-pp310-pypy310_pp73-manylinux_2_17_s390x.manylinux2014_s390x.whl", hash = "sha256:c3444fe52b82f122d8a99bf66777aed6b858d392b12f4c317da19f8234db4533"},
    {file = "rpds_py-0.19.0-pp310-pypy310_pp73-manylinux_2_17_x86_64.manylinux2014_x86_64.whl", hash = "sha256:88cb4bac7185a9f0168d38c01d7a00addece9822a52870eee26b8d5b61409213"},
    {file = "rpds_py-0.19.0-pp310-pypy310_pp73-manylinux_2_5_i686.manylinux1_i686.whl", hash = "sha256:6b130bd4163c93798a6b9bb96be64a7c43e1cec81126ffa7ffaa106e1fc5cef5"},
    {file = "rpds_py-0.19.0-pp310-pypy310_pp73-musllinux_1_2_aarch64.whl", hash = "sha256:a707b158b4410aefb6b054715545bbb21aaa5d5d0080217290131c49c2124a6e"},
    {file = "rpds_py-0.19.0-pp310-pypy310_pp73-musllinux_1_2_i686.whl", hash = "sha256:dc9ac4659456bde7c567107556ab065801622396b435a3ff213daef27b495388"},
    {file = "rpds_py-0.19.0-pp310-pypy310_pp73-musllinux_1_2_x86_64.whl", hash = "sha256:81ea573aa46d3b6b3d890cd3c0ad82105985e6058a4baed03cf92518081eec8c"},
    {file = "rpds_py-0.19.0-pp38-pypy38_pp73-macosx_10_12_x86_64.whl", hash = "sha256:3f148c3f47f7f29a79c38cc5d020edcb5ca780020fab94dbc21f9af95c463581"},
    {file = "rpds_py-0.19.0-pp38-pypy38_pp73-macosx_11_0_arm64.whl", hash = "sha256:b0906357f90784a66e89ae3eadc2654f36c580a7d65cf63e6a616e4aec3a81be"},
    {file = "rpds_py-0.19.0-pp38-pypy38_pp73-manylinux_2_17_aarch64.manylinux2014_aarch64.whl", hash = "sha256:f629ecc2db6a4736b5ba95a8347b0089240d69ad14ac364f557d52ad68cf94b0"},
    {file = "rpds_py-0.19.0-pp38-pypy38_pp73-manylinux_2_17_armv7l.manylinux2014_armv7l.whl", hash = "sha256:c6feacd1d178c30e5bc37184526e56740342fd2aa6371a28367bad7908d454fc"},
    {file = "rpds_py-0.19.0-pp38-pypy38_pp73-manylinux_2_17_ppc64le.manylinux2014_ppc64le.whl", hash = "sha256:ae8b6068ee374fdfab63689be0963333aa83b0815ead5d8648389a8ded593378"},
    {file = "rpds_py-0.19.0-pp38-pypy38_pp73-manylinux_2_17_s390x.manylinux2014_s390x.whl", hash = "sha256:78d57546bad81e0da13263e4c9ce30e96dcbe720dbff5ada08d2600a3502e526"},
    {file = "rpds_py-0.19.0-pp38-pypy38_pp73-manylinux_2_17_x86_64.manylinux2014_x86_64.whl", hash = "sha256:a8b6683a37338818646af718c9ca2a07f89787551057fae57c4ec0446dc6224b"},
    {file = "rpds_py-0.19.0-pp38-pypy38_pp73-manylinux_2_5_i686.manylinux1_i686.whl", hash = "sha256:e8481b946792415adc07410420d6fc65a352b45d347b78fec45d8f8f0d7496f0"},
    {file = "rpds_py-0.19.0-pp38-pypy38_pp73-musllinux_1_2_aarch64.whl", hash = "sha256:bec35eb20792ea64c3c57891bc3ca0bedb2884fbac2c8249d9b731447ecde4fa"},
    {file = "rpds_py-0.19.0-pp38-pypy38_pp73-musllinux_1_2_i686.whl", hash = "sha256:aa5476c3e3a402c37779e95f7b4048db2cb5b0ed0b9d006983965e93f40fe05a"},
    {file = "rpds_py-0.19.0-pp38-pypy38_pp73-musllinux_1_2_x86_64.whl", hash = "sha256:19d02c45f2507b489fd4df7b827940f1420480b3e2e471e952af4d44a1ea8e34"},
    {file = "rpds_py-0.19.0-pp39-pypy39_pp73-macosx_10_12_x86_64.whl", hash = "sha256:a3e2fd14c5d49ee1da322672375963f19f32b3d5953f0615b175ff7b9d38daed"},
    {file = "rpds_py-0.19.0-pp39-pypy39_pp73-macosx_11_0_arm64.whl", hash = "sha256:93a91c2640645303e874eada51f4f33351b84b351a689d470f8108d0e0694210"},
    {file = "rpds_py-0.19.0-pp39-pypy39_pp73-manylinux_2_17_aarch64.manylinux2014_aarch64.whl", hash = "sha256:e5b9fc03bf76a94065299d4a2ecd8dfbae4ae8e2e8098bbfa6ab6413ca267709"},
    {file = "rpds_py-0.19.0-pp39-pypy39_pp73-manylinux_2_17_armv7l.manylinux2014_armv7l.whl", hash = "sha256:5a4b07cdf3f84310c08c1de2c12ddadbb7a77568bcb16e95489f9c81074322ed"},
    {file = "rpds_py-0.19.0-pp39-pypy39_pp73-manylinux_2_17_ppc64le.manylinux2014_ppc64le.whl", hash = "sha256:ba0ed0dc6763d8bd6e5de5cf0d746d28e706a10b615ea382ac0ab17bb7388633"},
    {file = "rpds_py-0.19.0-pp39-pypy39_pp73-manylinux_2_17_s390x.manylinux2014_s390x.whl", hash = "sha256:474bc83233abdcf2124ed3f66230a1c8435896046caa4b0b5ab6013c640803cc"},
    {file = "rpds_py-0.19.0-pp39-pypy39_pp73-manylinux_2_17_x86_64.manylinux2014_x86_64.whl", hash = "sha256:329c719d31362355a96b435f4653e3b4b061fcc9eba9f91dd40804ca637d914e"},
    {file = "rpds_py-0.19.0-pp39-pypy39_pp73-manylinux_2_5_i686.manylinux1_i686.whl", hash = "sha256:ef9101f3f7b59043a34f1dccbb385ca760467590951952d6701df0da9893ca0c"},
    {file = "rpds_py-0.19.0-pp39-pypy39_pp73-musllinux_1_2_aarch64.whl", hash = "sha256:0121803b0f424ee2109d6e1f27db45b166ebaa4b32ff47d6aa225642636cd834"},
    {file = "rpds_py-0.19.0-pp39-pypy39_pp73-musllinux_1_2_i686.whl", hash = "sha256:8344127403dea42f5970adccf6c5957a71a47f522171fafaf4c6ddb41b61703a"},
    {file = "rpds_py-0.19.0-pp39-pypy39_pp73-musllinux_1_2_x86_64.whl", hash = "sha256:443cec402ddd650bb2b885113e1dcedb22b1175c6be223b14246a714b61cd521"},
    {file = "rpds_py-0.19.0.tar.gz", hash = "sha256:4fdc9afadbeb393b4bbbad75481e0ea78e4469f2e1d713a90811700830b553a9"},
]

[[package]]
name = "tomli"
version = "2.0.1"
description = "A lil' TOML parser"
optional = false
python-versions = ">=3.7"
groups = ["tests"]
markers = "python_version == \"3.10\""
files = [
    {file = "tomli-2.0.1-py3-none-any.whl", hash = "sha256:939de3e7a6161af0c887ef91b7d41a53e7c5a1ca976325f429cb46ea9bc30ecc"},
    {file = "tomli-2.0.1.tar.gz", hash = "sha256:de526c12914f0c550d15924c62d72abc48d6fe7364aa87328337a31007fe8a4f"},
]

[[package]]
name = "typing-extensions"
version = "4.15.0"
description = "Backported and Experimental Type Hints for Python 3.9+"
optional = false
python-versions = ">=3.9"
groups = ["main"]
files = [
    {file = "typing_extensions-4.15.0-py3-none-any.whl", hash = "sha256:f0fa19c6845758ab08074a0cfa8b7aecb71c999ca73d62883bc25cc018c4e548"},
    {file = "typing_extensions-4.15.0.tar.gz", hash = "sha256:0cea48d173cc12fa28ecabc3b837ea3cf6f38c6d1136f85cbaaf598984861466"},
]

[[package]]
name = "typing-inspection"
version = "0.4.2"
description = "Runtime typing introspection tools"
optional = false
python-versions = ">=3.9"
groups = ["main"]
files = [
    {file = "typing_inspection-0.4.2-py3-none-any.whl", hash = "sha256:4ed1cacbdc298c220f1bd249ed5287caa16f34d44ef4e9c3d0cbad5b521545e7"},
    {file = "typing_inspection-0.4.2.tar.gz", hash = "sha256:ba561c48a67c5958007083d386c3295464928b01faa735ab8547c5692e87f464"},
]

[package.dependencies]
typing-extensions = ">=4.12.0"

[metadata]
lock-version = "2.1"
python-versions = "^3.10"
content-hash = "77f886560a6d5f65bbaa53179ccf6b9f2fb8fd81c8498f25fa11a5cb8d38e07e"
